
Microsoft Visual Studio Solution File, Format Version 12.00
# Visual Studio Version 17
VisualStudioVersion = 17.8.34330.188
MinimumVisualStudioVersion = 10.0.40219.1
Project("{9A19103F-16F7-4668-BE54-9A1E7A4F7556}") = "QuanLib.Consoles", "QuanLib.Consoles\QuanLib.Consoles.csproj", "{2BA564B0-694B-4EFF-A2FC-0A3B579ACFA4}"
EndProject
Project("{9A19103F-16F7-4668-BE54-9A1E7A4F7556}") = "QuanLib.Core", "..\QuanLib\QuanLib.Core\QuanLib.Core.csproj", "{019A8BE5-4ABF-42EB-9107-49898D34999E}"
EndProject
Global
	GlobalSection(SolutionConfigurationPlatforms) = preSolution
		Debug|Any CPU = Debug|Any CPU
		Release|Any CPU = Release|Any CPU
	EndGlobalSection
	GlobalSection(ProjectConfigurationPlatforms) = postSolution
		{2BA564B0-694B-4EFF-A2FC-0A3B579ACFA4}.Debug|Any CPU.ActiveCfg = Debug|Any CPU
		{2BA564B0-694B-4EFF-A2FC-0A3B579ACFA4}.Debug|Any CPU.Build.0 = Debug|Any CPU
		{2BA564B0-694B-4EFF-A2FC-0A3B579ACFA4}.Release|Any CPU.ActiveCfg = Release|Any CPU
		{2BA564B0-694B-4EFF-A2FC-0A3B579ACFA4}.Release|Any CPU.Build.0 = Release|Any CPU
		{019A8BE5-4ABF-42EB-9107-49898D34999E}.Debug|Any CPU.ActiveCfg = Debug|Any CPU
		{019A8BE5-4ABF-42EB-9107-49898D34999E}.Debug|Any CPU.Build.0 = Debug|Any CPU
		{019A8BE5-4ABF-42EB-9107-49898D34999E}.Release|Any CPU.ActiveCfg = Release|Any CPU
		{019A8BE5-4ABF-42EB-9107-49898D34999E}.Release|Any CPU.Build.0 = Release|Any CPU
	EndGlobalSection
	GlobalSection(SolutionProperties) = preSolution
		HideSolutionNode = FALSE
	EndGlobalSection
	GlobalSection(ExtensibilityGlobals) = postSolution
		SolutionGuid = {41555E9A-86DD-4360-A1E2-85F03CD309DD}
	EndGlobalSection
EndGlobal
